
Microsoft Visual Studio Solution File, Format Version 12.00
# Visual Studio Version 17
VisualStudioVersion = 17.4.33403.182
MinimumVisualStudioVersion = 10.0.40219.1
Project("{FAE04EC0-301F-11D3-BF4B-00C04F79EFBC}") = "Excerices", "Excerices\Excerices.csproj", "{396C7DFB-E2E0-4D6E-B9D0-1CE10F8F15B4}"
EndProject
Project("{FAE04EC0-301F-11D3-BF4B-00C04F79EFBC}") = "Theory", "Theory\Theory.csproj", "{058B7396-6F0B-43FD-A67C-7D74603112F3}"
EndProject
Project("{FAE04EC0-301F-11D3-BF4B-00C04F79EFBC}") = "ConsoleApp", "ConsoleApp\ConsoleApp.csproj", "{023B0CAC-2943-4402-B795-884533A24EDC}"
EndProject
Global
	GlobalSection(SolutionConfigurationPlatforms) = preSolution
		Debug|Any CPU = Debug|Any CPU
		Release|Any CPU = Release|Any CPU
	EndGlobalSection
	GlobalSection(ProjectConfigurationPlatforms) = postSolution
		{396C7DFB-E2E0-4D6E-B9D0-1CE10F8F15B4}.Debug|Any CPU.ActiveCfg = Debug|Any CPU
		{396C7DFB-E2E0-4D6E-B9D0-1CE10F8F15B4}.Debug|Any CPU.Build.0 = Debug|Any CPU
		{396C7DFB-E2E0-4D6E-B9D0-1CE10F8F15B4}.Release|Any CPU.ActiveCfg = Release|Any CPU
		{396C7DFB-E2E0-4D6E-B9D0-1CE10F8F15B4}.Release|Any CPU.Build.0 = Release|Any CPU
		{058B7396-6F0B-43FD-A67C-7D74603112F3}.Debug|Any CPU.ActiveCfg = Debug|Any CPU
		{058B7396-6F0B-43FD-A67C-7D74603112F3}.Debug|Any CPU.Build.0 = Debug|Any CPU
		{058B7396-6F0B-43FD-A67C-7D74603112F3}.Release|Any CPU.ActiveCfg = Release|Any CPU
		{058B7396-6F0B-43FD-A67C-7D74603112F3}.Release|Any CPU.Build.0 = Release|Any CPU
		{023B0CAC-2943-4402-B795-884533A24EDC}.Debug|Any CPU.ActiveCfg = Debug|Any CPU
		{023B0CAC-2943-4402-B795-884533A24EDC}.Debug|Any CPU.Build.0 = Debug|Any CPU
		{023B0CAC-2943-4402-B795-884533A24EDC}.Release|Any CPU.ActiveCfg = Release|Any CPU
		{023B0CAC-2943-4402-B795-884533A24EDC}.Release|Any CPU.Build.0 = Release|Any CPU
	EndGlobalSection
	GlobalSection(SolutionProperties) = preSolution
		HideSolutionNode = FALSE
	EndGlobalSection
	GlobalSection(ExtensibilityGlobals) = postSolution
		SolutionGuid = {DBC16D73-A395-42CE-9BD6-905DEA0B55D1}
	EndGlobalSection
EndGlobal
