
Microsoft Visual Studio Solution File, Format Version 12.00
# Visual Studio Version 17
VisualStudioVersion = 17.4.33403.182
MinimumVisualStudioVersion = 10.0.40219.1
Project("{9A19103F-16F7-4668-BE54-9A1E7A4F7556}") = "Console", "Console\Console.csproj", "{CF762091-7780-486B-BD3B-720F92C2DF04}"
EndProject
Project("{FAE04EC0-301F-11D3-BF4B-00C04F79EFBC}") = "Theory", "Theory\Theory.csproj", "{058B7396-6F0B-43FD-A67C-7D74603112F3}"
EndProject
Global
	GlobalSection(SolutionConfigurationPlatforms) = preSolution
		Debug|Any CPU = Debug|Any CPU
		Release|Any CPU = Release|Any CPU
	EndGlobalSection
	GlobalSection(ProjectConfigurationPlatforms) = postSolution
		{CF762091-7780-486B-BD3B-720F92C2DF04}.Debug|Any CPU.ActiveCfg = Debug|Any CPU
		{CF762091-7780-486B-BD3B-720F92C2DF04}.Debug|Any CPU.Build.0 = Debug|Any CPU
		{CF762091-7780-486B-BD3B-720F92C2DF04}.Release|Any CPU.ActiveCfg = Release|Any CPU
		{CF762091-7780-486B-BD3B-720F92C2DF04}.Release|Any CPU.Build.0 = Release|Any CPU
		{058B7396-6F0B-43FD-A67C-7D74603112F3}.Debug|Any CPU.ActiveCfg = Debug|Any CPU
		{058B7396-6F0B-43FD-A67C-7D74603112F3}.Debug|Any CPU.Build.0 = Debug|Any CPU
		{058B7396-6F0B-43FD-A67C-7D74603112F3}.Release|Any CPU.ActiveCfg = Release|Any CPU
		{058B7396-6F0B-43FD-A67C-7D74603112F3}.Release|Any CPU.Build.0 = Release|Any CPU
	EndGlobalSection
	GlobalSection(SolutionProperties) = preSolution
		HideSolutionNode = FALSE
	EndGlobalSection
	GlobalSection(ExtensibilityGlobals) = postSolution
		SolutionGuid = {DBC16D73-A395-42CE-9BD6-905DEA0B55D1}
	EndGlobalSection
EndGlobal
